
Microsoft Visual Studio Solution File, Format Version 12.00
# Visual Studio Version 16
VisualStudioVersion = 16.0.29911.84
MinimumVisualStudioVersion = 10.0.40219.1
Project("{FAE04EC0-301F-11D3-BF4B-00C04F79EFBC}") = "WpfApp1", "WpfApp1\WpfApp1.csproj", "{C8E2A915-D5D5-4D41-9AC8-0E3BF439E0A6}"
EndProject
Global
	GlobalSection(SolutionConfigurationPlatforms) = preSolution
		Debug|Any CPU = Debug|Any CPU
		Release|Any CPU = Release|Any CPU
	EndGlobalSection
	GlobalSection(ProjectConfigurationPlatforms) = postSolution
		{C8E2A915-D5D5-4D41-9AC8-0E3BF439E0A6}.Debug|Any CPU.ActiveCfg = Debug|Any CPU
		{C8E2A915-D5D5-4D41-9AC8-0E3BF439E0A6}.Debug|Any CPU.Build.0 = Debug|Any CPU
		{C8E2A915-D5D5-4D41-9AC8-0E3BF439E0A6}.Release|Any CPU.ActiveCfg = Release|Any CPU
		{C8E2A915-D5D5-4D41-9AC8-0E3BF439E0A6}.Release|Any CPU.Build.0 = Release|Any CPU
	EndGlobalSection
	GlobalSection(SolutionProperties) = preSolution
		HideSolutionNode = FALSE
	EndGlobalSection
	GlobalSection(ExtensibilityGlobals) = postSolution
		SolutionGuid = {7EF5BFE5-E28A-43F1-8388-42F0B5A445BD}
	EndGlobalSection
EndGlobal
